
Microsoft Visual Studio Solution File, Format Version 12.00
# Visual Studio 15
VisualStudioVersion = 15.0.28307.705
MinimumVisualStudioVersion = 10.0.40219.1
Project("{FAE04EC0-301F-11D3-BF4B-00C04F79EFBC}") = "CustomerApp", "CustomerApp\CustomerApp.csproj", "{0282BD6C-2F40-4B76-BE61-9C294C1550B5}"
EndProject
Project("{FAE04EC0-301F-11D3-BF4B-00C04F79EFBC}") = "CustomerForm", "CustomerForm\CustomerForm.csproj", "{E4540F13-30DE-424E-B67A-17141F5C6769}"
EndProject
Global
	GlobalSection(SolutionConfigurationPlatforms) = preSolution
		Debug|Any CPU = Debug|Any CPU
		Release|Any CPU = Release|Any CPU
	EndGlobalSection
	GlobalSection(ProjectConfigurationPlatforms) = postSolution
		{0282BD6C-2F40-4B76-BE61-9C294C1550B5}.Debug|Any CPU.ActiveCfg = Debug|Any CPU
		{0282BD6C-2F40-4B76-BE61-9C294C1550B5}.Debug|Any CPU.Build.0 = Debug|Any CPU
		{0282BD6C-2F40-4B76-BE61-9C294C1550B5}.Release|Any CPU.ActiveCfg = Release|Any CPU
		{0282BD6C-2F40-4B76-BE61-9C294C1550B5}.Release|Any CPU.Build.0 = Release|Any CPU
		{E4540F13-30DE-424E-B67A-17141F5C6769}.Debug|Any CPU.ActiveCfg = Debug|Any CPU
		{E4540F13-30DE-424E-B67A-17141F5C6769}.Debug|Any CPU.Build.0 = Debug|Any CPU
		{E4540F13-30DE-424E-B67A-17141F5C6769}.Release|Any CPU.ActiveCfg = Release|Any CPU
		{E4540F13-30DE-424E-B67A-17141F5C6769}.Release|Any CPU.Build.0 = Release|Any CPU
	EndGlobalSection
	GlobalSection(SolutionProperties) = preSolution
		HideSolutionNode = FALSE
	EndGlobalSection
	GlobalSection(ExtensibilityGlobals) = postSolution
		SolutionGuid = {8E3C495C-07FF-465A-A5DB-7AD2BB870402}
	EndGlobalSection
EndGlobal
